
Microsoft Visual Studio Solution File, Format Version 9.00
# Visual Studio 2005
Project("{8BC9CEB8-8B4A-11D0-8D11-00A0C91BC942}") = "Squall", "Squall.vcproj", "{E0CD2BE1-EDFC-45EB-BCBE-227066D84887}"
EndProject
Global
	GlobalSection(SolutionConfigurationPlatforms) = preSolution
		Squall Debug DLL|Win32 = Squall Debug DLL|Win32
		Squall Release DLL|Win32 = Squall Release DLL|Win32
	EndGlobalSection
	GlobalSection(ProjectConfigurationPlatforms) = postSolution
		{E0CD2BE1-EDFC-45EB-BCBE-227066D84887}.Squall Debug DLL|Win32.ActiveCfg = Squall Debug|Win32
		{E0CD2BE1-EDFC-45EB-BCBE-227066D84887}.Squall Debug DLL|Win32.Build.0 = Squall Debug|Win32
		{E0CD2BE1-EDFC-45EB-BCBE-227066D84887}.Squall Release DLL|Win32.ActiveCfg = Squall Release|Win32
		{E0CD2BE1-EDFC-45EB-BCBE-227066D84887}.Squall Release DLL|Win32.Build.0 = Squall Release|Win32
	EndGlobalSection
	GlobalSection(SolutionProperties) = preSolution
		HideSolutionNode = FALSE
	EndGlobalSection
EndGlobal
